
Microsoft Visual Studio Solution File, Format Version 12.00
# Visual Studio Version 16
VisualStudioVersion = 16.0.28922.388
MinimumVisualStudioVersion = 10.0.40219.1
Project("{FAE04EC0-301F-11D3-BF4B-00C04F79EFBC}") = "nub2wav", "nub2wav\nub2wav.csproj", "{DE816179-3127-4556-B8AB-0BC56E1C9AA5}"
EndProject
Global
	GlobalSection(SolutionConfigurationPlatforms) = preSolution
		Debug|Any CPU = Debug|Any CPU
		Release|Any CPU = Release|Any CPU
	EndGlobalSection
	GlobalSection(ProjectConfigurationPlatforms) = postSolution
		{DE816179-3127-4556-B8AB-0BC56E1C9AA5}.Debug|Any CPU.ActiveCfg = Debug|Any CPU
		{DE816179-3127-4556-B8AB-0BC56E1C9AA5}.Debug|Any CPU.Build.0 = Debug|Any CPU
		{DE816179-3127-4556-B8AB-0BC56E1C9AA5}.Release|Any CPU.ActiveCfg = Release|Any CPU
		{DE816179-3127-4556-B8AB-0BC56E1C9AA5}.Release|Any CPU.Build.0 = Release|Any CPU
	EndGlobalSection
	GlobalSection(SolutionProperties) = preSolution
		HideSolutionNode = FALSE
	EndGlobalSection
	GlobalSection(ExtensibilityGlobals) = postSolution
		SolutionGuid = {2A9C906C-F008-46F1-AEDB-EA1BFEBB2038}
	EndGlobalSection
EndGlobal
